version = 1
revision = 3
requires-python = ">=3.11"

[[package]]
name = "anyio"
version = "4.14.2"
source = { registry = "https://pypi.org/simple" }
dependencies = [
    { name = "idna" },
    { name = "typing-extensions", marker = "python_full_version < '3.13'" },
]
sdist = { url = "https://files.pythonhosted.org/packages/61/cc/a381afa6efea9f496eff839d4a6a1aed3bfafc7b3ab4b0d1b243a12573dd/anyio-4.14.2.tar.gz", hash = "sha256:cfa139f3ed1a23ee8f88a145ddb5ac7605b8bbfd8592baacd7ce3d8bb4313c7f", size = 260176, upload-time = "2026-07-12T20:29:07.082Z" }
wheels = [
    { url = "https://files.pythonhosted.org/packages/da/35/f2287558c17e29fafc8ef3daf819bb9834061cfa43bff8014f7df7f63bdc/anyio-4.14.2-py3-none-any.whl", hash = "sha256:9f505dda5ac9f0c8309b5e8bd445a8c2bf7246f3ce950121e45ea15bc41d1494", size = 125813, upload-time = "2026-07-12T20:29:05.763Z" },
]

[[package]]
name = "certifi"
version = "2026.7.22"
source = { registry = "https://pypi.org/simple" }
sdist = { url = "https://files.pythonhosted.org/packages/a3/c2/24167ea9858356b47a87a50d39908bfdb72ceeefe0041586e704e5376b3a/certifi-2026.7.22.tar.gz", hash = "sha256:741e2c3b351ddf169a738da9f2c048608ff7f2c5cc02f1ebc6b118bb090d5d55", size = 138112, upload-time = "2026-07-22T03:35:12.644Z" }
wheels = [
    { url = "https://files.pythonhosted.org/packages/0b/a7/71ac2cff56fec219ed242bb11b8efb69fcc4bec75db06fb7bfe35de520e6/certifi-2026.7.22-py3-none-any.whl", hash = "sha256:62f22742b58a1a33014a2b6b706588a8d7e2a88ae7bd1a6ebe8c992928483775", size = 136983, upload-time = "2026-07-22T03:35:11.276Z" },
]

[[package]]
name = "colorama"
version = "0.4.6"
source = { registry = "https://pypi.org/simple" }
sdist = { url = "https://files.pythonhosted.org/packages/d8/53/6f443c9a4a8358a93a6792e2acffb9d9d5cb0a5cfd8802644b7b1c9a02e4/colorama-0.4.6.tar.gz", hash = "sha256:08695f5cb7ed6e0531a20572697297273c47b8cae5a63ffc6d6ed5c201be6e44", size = 27697, upload-time = "2022-10-25T02:36:22.414Z" }
wheels = [
    { url = "https://files.pythonhosted.org/packages/d1/d6/3965ed04c63042e047cb6a3e6ed1a63a35087b6a609aa3a15ed8ac56c221/colorama-0.4.6-py2.py3-none-any.whl", hash = "sha256:4f1d9991f5acc0ca119f9d443620b77f9d6b33703e51011c16baf57afb285fc6", size = 25335, upload-time = "2022-10-25T02:36:20.889Z" },
]

[[package]]
name = "h11"
version = "0.16.0"
source = { registry = "https://pypi.org/simple" }
sdist = { url = "https://files.pythonhosted.org/packages/01/ee/02a2c011bdab74c6fb3c75474d40b3052059d95df7e73351460c8588d963/h11-0.16.0.tar.gz", hash = "sha256:4e35b956cf45792e4caa5885e69fba00bdbc6ffafbfa020300e549b208ee5ff1", size = 101250, upload-time = "2025-04-24T03:35:25.427Z" }
wheels = [
    { url = "https://files.pythonhosted.org/packages/04/4b/29cac41a4d98d144bf5f6d33995617b185d14b22401f75ca86f384e87ff1/h11-0.16.0-py3-none-any.whl", hash = "sha256:63cf8bbe7522de3bf65932fda1d9c2772064ffb3dae62d55932da54b31cb6c86", size = 37515, upload-time = "2025-04-24T03:35:24.344Z" },
]

[[package]]
name = "httpcore"
version = "1.0.9"
source = { registry = "https://pypi.org/simple" }
dependencies = [
    { name = "certifi" },
    { name = "h11" },
]
sdist = { url = "https://files.pythonhosted.org/packages/06/94/82699a10bca87a5556c9c59b5963f2d039dbd239f25bc2a63907a05a14cb/httpcore-1.0.9.tar.gz", hash = "sha256:6e34463af53fd2ab5d807f399a9b45ea31c3dfa2276f15a2c3f00afff6e176e8", size = 85484, upload-time = "2025-04-24T22:06:22.219Z" }
wheels = [
    { url = "https://files.pythonhosted.org/packages/7e/f5/f66802a942d491edb555dd61e3a9961140fd64c90bce1eafd741609d334d/httpcore-1.0.9-py3-none-any.whl", hash = "sha256:2d400746a40668fc9dec9810239072b40b4484b640a8c38fd654a024c7a1bf55", size = 78784, upload-time = "2025-04-24T22:06:20.566Z" },
]

[[package]]
name = "httpx"
version = "0.28.1"
source = { registry = "https://pypi.org/simple" }
dependencies = [
    { name = "anyio" },
    { name = "certifi" },
    { name = "httpcore" },
    { name = "idna" },
]
sdist = { url = "https://files.pythonhosted.org/packages/b1/df/48c586a5fe32a0f01324ee087459e112ebb7224f646c0b5023f5e79e9956/httpx-0.28.1.tar.gz", hash = "sha256:75e98c5f16b0f35b567856f597f06ff2270a374470a5c2392242528e3e3e42fc", size = 141406, upload-time = "2024-12-06T15:37:23.222Z" }
wheels = [
    { url = "https://files.pythonhosted.org/packages/2a/39/e50c7c3a983047577ee07d2a9e53faf5a69493943ec3f6a384bdc792deb2/httpx-0.28.1-py3-none-any.whl", hash = "sha256:d909fcccc110f8c7faf814ca82a9a4d816bc5a6dbfea25d6591d6985b8ba59ad", size = 73517, upload-time = "2024-12-06T15:37:21.509Z" },
]

[package.optional-dependencies]
socks = [
    { name = "socksio" },
]

[[package]]
name = "idna"
version = "3.18"
source = { registry = "https://pypi.org/simple" }
sdist = { url = "https://files.pythonhosted.org/packages/cd/63/9496c57188a2ee585e0f1db071d75089a11e98aa86eb99d9d7618fc1edce/idna-3.18.tar.gz", hash = "sha256:ffb385a7e039654cef1ab9ef32c6fafe283c0c0467bba1d9029738ce4a14a848", size = 196711, upload-time = "2026-06-02T14:34:07.794Z" }
wheels = [
    { url = "https://files.pythonhosted.org/packages/1e/5e/d4e9f1a599fb8e573b7b87160658329fbf28d19eac2718f51fc3def3aa5a/idna-3.18-py3-none-any.whl", hash = "sha256:7f952cbe720b688055e3f87de14f5c3e5fdaa8bc3928985c4077ca689de849a2", size = 65455, upload-time = "2026-06-02T14:34:06.319Z" },
]

[[package]]
name = "iniconfig"
version = "2.3.0"
source = { registry = "https://pypi.org/simple" }
sdist = { url = "https://files.pythonhosted.org/packages/72/34/14ca021ce8e5dfedc35312d08ba8bf51fdd999c576889fc2c24cb97f4f10/iniconfig-2.3.0.tar.gz", hash = "sha256:c76315c77db068650d49c5b56314774a7804df16fee4402c1f19d6d15d8c4730", size = 20503, upload-time = "2025-10-18T21:55:43.219Z" }
wheels = [
    { url = "https://files.pythonhosted.org/packages/cb/b1/3846dd7f199d53cb17f49cba7e651e9ce294d8497c8c150530ed11865bb8/iniconfig-2.3.0-py3-none-any.whl", hash = "sha256:f631c04d2c48c52b84d0d0549c99ff3859c98df65b3101406327ecc7d53fbf12", size = 7484, upload-time = "2025-10-18T21:55:41.639Z" },
]

[[package]]
name = "job-harvester"
version = "0.1.0"
source = { editable = "." }
dependencies = [
    { name = "httpx", extra = ["socks"] },
    { name = "python-dotenv" },
    { name = "selectolax" },
]

[package.dev-dependencies]
dev = [
    { name = "pytest" },
    { name = "pytest-asyncio" },
]

[package.metadata]
requires-dist = [
    { name = "httpx", extras = ["socks"], specifier = ">=0.27" },
    { name = "python-dotenv", specifier = ">=1.0" },
    { name = "selectolax", specifier = ">=0.3.21" },
]

[package.metadata.requires-dev]
dev = [
    { name = "pytest", specifier = ">=8.0" },
    { name = "pytest-asyncio", specifier = ">=0.24" },
]

[[package]]
name = "packaging"
version = "26.2"
source = { registry = "https://pypi.org/simple" }
sdist = { url = "https://files.pythonhosted.org/packages/d7/f1/e7a6dd94a8d4a5626c03e4e99c87f241ba9e350cd9e6d75123f992427270/packaging-26.2.tar.gz", hash = "sha256:ff452ff5a3e828ce110190feff1178bb1f2ea2281fa2075aadb987c2fb221661", size = 228134, upload-time = "2026-04-24T20:15:23.917Z" }
wheels = [
    { url = "https://files.pythonhosted.org/packages/df/b2/87e62e8c3e2f4b32e5fe99e0b86d576da1312593b39f47d8ceef365e95ed/packaging-26.2-py3-none-any.whl", hash = "sha256:5fc45236b9446107ff2415ce77c807cee2862cb6fac22b8a73826d0693b0980e", size = 100195, upload-time = "2026-04-24T20:15:22.081Z" },
]

[[package]]
name = "pluggy"
version = "1.6.0"
source = { registry = "https://pypi.org/simple" }
sdist = { url = "https://files.pythonhosted.org/packages/f9/e2/3e91f31a7d2b083fe6ef3fa267035b518369d9511ffab804f839851d2779/pluggy-1.6.0.tar.gz", hash = "sha256:7dcc130b76258d33b90f61b658791dede3486c3e6bfb003ee5c9bfb396dd22f3", size = 69412, upload-time = "2025-05-15T12:30:07.975Z" }
wheels = [
    { url = "https://files.pythonhosted.org/packages/54/20/4d324d65cc6d9205fabedc306948156824eb9f0ee1633355a8f7ec5c66bf/pluggy-1.6.0-py3-none-any.whl", hash = "sha256:e920276dd6813095e9377c0bc5566d94c932c33b27a3e3945d8389c374dd4746", size = 20538, upload-time = "2025-05-15T12:30:06.134Z" },
]

[[package]]
name = "pygments"
version = "2.20.0"
source = { registry = "https://pypi.org/simple" }
sdist = { url = "https://files.pythonhosted.org/packages/c3/b2/bc9c9196916376152d655522fdcebac55e66de6603a76a02bca1b6414f6c/pygments-2.20.0.tar.gz", hash = "sha256:6757cd03768053ff99f3039c1a36d6c0aa0b263438fcab17520b30a303a82b5f", size = 4955991, upload-time = "2026-03-29T13:29:33.898Z" }
wheels = [
    { url = "https://files.pythonhosted.org/packages/f4/7e/a72dd26f3b0f4f2bf1dd8923c85f7ceb43172af56d63c7383eb62b332364/pygments-2.20.0-py3-none-any.whl", hash = "sha256:81a9e26dd42fd28a23a2d169d86d7ac03b46e2f8b59ed4698fb4785f946d0176", size = 1231151, upload-time = "2026-03-29T13:29:30.038Z" },
]

[[package]]
name = "pytest"
version = "9.1.1"
source = { registry = "https://pypi.org/simple" }
dependencies = [
    { name = "colorama", marker = "sys_platform == 'win32'" },
    { name = "iniconfig" },
    { name = "packaging" },
    { name = "pluggy" },
    { name = "pygments" },
]
sdist = { url = "https://files.pythonhosted.org/packages/e4/47/b9efed96c114afcfa3c9d3fe98a76a1d14c74a9e266d397cf6eb64be5e01/pytest-9.1.1.tar.gz", hash = "sha256:1088fbde8f2b49d95a549a195707afa7a76a3ce9bcadc26b6d71f0ffda5fe313", size = 1636369, upload-time = "2026-06-19T10:58:32.857Z" }
wheels = [
    { url = "https://files.pythonhosted.org/packages/24/25/1de2678b631f5a49215c6c96fff41ba892b0a34df68d6d80292b1b48aa7f/pytest-9.1.1-py3-none-any.whl", hash = "sha256:37a86b45efb9a47a61a36449063e8e18d0cab3161329fc099eb21783169c4f0c", size = 386536, upload-time = "2026-06-19T10:58:31.347Z" },
]

[[package]]
name = "pytest-asyncio"
version = "1.4.0"
source = { registry = "https://pypi.org/simple" }
dependencies = [
    { name = "pytest" },
    { name = "typing-extensions", marker = "python_full_version < '3.13'" },
]
sdist = { url = "https://files.pythonhosted.org/packages/43/7c/d36d04db312ecf4298932ef77e6e4a9e8ad017906e24e34f0b0c361a2473/pytest_asyncio-1.4.0.tar.gz", hash = "sha256:c6c0d2259945122819f171a32ecea2c349ead889ee28176caaf492143424be42", size = 58514, upload-time = "2026-05-26T09:56:04.083Z" }
wheels = [
    { url = "https://files.pythonhosted.org/packages/03/e2/08a497ef684b88559c9cc5f4ad53a37e7b99e727094a86d6ea32536d5d3c/pytest_asyncio-1.4.0-py3-none-any.whl", hash = "sha256:933ca923a23075a87fb7070c0ec272a6848489824d887c85c812670932835aa1", size = 16930, upload-time = "2026-05-26T09:56:02.576Z" },
]

[[package]]
name = "python-dotenv"
version = "1.2.2"
source = { registry = "https://pypi.org/simple" }
sdist = { url = "https://files.pythonhosted.org/packages/82/ed/0301aeeac3e5353ef3d94b6ec08bbcabd04a72018415dcb29e588514bba8/python_dotenv-1.2.2.tar.gz", hash = "sha256:2c371a91fbd7ba082c2c1dc1f8bf89ca22564a087c2c287cd9b662adde799cf3", size = 50135, upload-time = "2026-03-01T16:00:26.196Z" }
wheels = [
    { url = "https://files.pythonhosted.org/packages/0b/d7/1959b9648791274998a9c3526f6d0ec8fd2233e4d4acce81bbae76b44b2a/python_dotenv-1.2.2-py3-none-any.whl", hash = "sha256:1d8214789a24de455a8b8bd8ae6fe3c6b69a5e3d64aa8a8e5d68e694bbcb285a", size = 22101, upload-time = "2026-03-01T16:00:25.09Z" },
]

[[package]]
name = "selectolax"
version = "0.4.11"
source = { registry = "https://pypi.org/simple" }
sdist = { url = "https://files.pythonhosted.org/packages/39/6c/aec38dfee314a38cb7c0940fe055b22f22627b3e0a216772c24372eef3a9/selectolax-0.4.11.tar.gz", hash = "sha256:2b565ddabce6c9a7b73fa28a39acf8f411a084fa2f169234ec2470f552d4421d", size = 4883455, upload-time = "2026-07-15T07:25:30.588Z" }
wheels = [
    { url = "https://files.pythonhosted.org/packages/78/ac/aeb509fbeaccf339ef66c7ee9e3a203c908e5fffb53cb4deb5aa29a16a41/selectolax-0.4.11-cp311-cp311-macosx_10_9_x86_64.whl", hash = "sha256:80af1c7345701934769679a83fcc86526c56eef590423cc2d55cc1eb81adfa5f", size = 2223554, upload-time = "2026-07-15T07:23:56.383Z" },
    { url = "https://files.pythonhosted.org/packages/66/5a/804248c189b0eadeeee613dddfaf965d1476cb7e6480222c2ea707d7d89d/selectolax-0.4.11-cp311-cp311-macosx_11_0_arm64.whl", hash = "sha256:a532f1993f08f627300891751982dd9641ce1bd29618b535232aec9fa023a1c8", size = 2279032, upload-time = "2026-07-15T07:23:58.056Z" },
    { url = "https://files.pythonhosted.org/packages/75/68/058eb65781e25c25d5db2eed4a26f0a8a63251c012def5e20eab1ec11eac/selectolax-0.4.11-cp311-cp311-manylinux2014_aarch64.manylinux_2_17_aarch64.manylinux_2_28_aarch64.whl", hash = "sha256:8166bb8cad8f2eabed664f689b708851078b74dd50dd93e426b291095badc2cb", size = 2358093, upload-time = "2026-07-15T07:23:59.722Z" },
    { url = "https://files.pythonhosted.org/packages/15/42/2150e058273f5afa3669026bef89bf16cd7d76b38adad4f0a537fec34c2c/selectolax-0.4.11-cp311-cp311-manylinux2014_x86_64.manylinux_2_17_x86_64.manylinux_2_28_x86_64.whl", hash = "sha256:ad4bbf08af4e2c89f78dd12a7b8265f0924d0434705bd955b5a262297a924452", size = 2409067, upload-time = "2026-07-15T07:24:01.361Z" },
    { url = "https://files.pythonhosted.org/packages/5d/07/24287ec819f8f8c5ccdcf39b3672fd569a6f53acf7c3ed167dd829fc0f70/selectolax-0.4.11-cp311-cp311-musllinux_1_2_aarch64.whl", hash = "sha256:81f21972788df01b83a5940d9b7d62e6e222f80872c2cfaf67927276e8ef4975", size = 2362638, upload-time = "2026-07-15T07:24:02.921Z" },
    { url = "https://files.pythonhosted.org/packages/7d/64/7b5be0d6a53b9be7f0548c5e54fb2ca9b6c59552fc95ae9ac3d7bccd44ae/selectolax-0.4.11-cp311-cp311-musllinux_1_2_x86_64.whl", hash = "sha256:9862c1d0435e89e419e0c595084eaa8f6f71c3fb7a968bdff51db595cec07161", size = 2417494, upload-time = "2026-07-15T07:24:04.465Z" },
    { url = "https://files.pythonhosted.org/packages/2b/2a/07c4a7421bb3d547a54bdd11e91a5e6c5fcf0423bf0f58716fa04db9a53c/selectolax-0.4.11-cp311-cp311-win32.whl", hash = "sha256:e2d7e1a2b67a5e8d251733b2c3f978ed26a56d04552472e0a2fb5ea41fa4e663", size = 1767180, upload-time = "2026-07-15T07:24:05.998Z" },
    { url = "https://files.pythonhosted.org/packages/ac/17/6516a608f7d0f258b27ae7ca838a4db2fb72ade6fed21a05b566795d44cf/selectolax-0.4.11-cp311-cp311-win_amd64.whl", hash = "sha256:8da39a07a589fd181b5e8d25f695d7d40d3a1d89e47c2e00c08ece7fff5ddd3d", size = 1884122, upload-time = "2026-07-15T07:24:07.511Z" },
    { url = "https://files.pythonhosted.org/packages/08/28/3d31a7b6aaad9df1c874278d859a8bae025ec26dced1cf5cc12214901151/selectolax-0.4.11-cp311-cp311-win_arm64.whl", hash = "sha256:dcd24bfc4899e4df2bdcbabc973384367686f391e5a2d8ebb229c043f43be82a", size = 1824236, upload-time = "2026-07-15T07:24:08.998Z" },
    { url = "https://files.pythonhosted.org/packages/d7/96/d3b085e0a6bcb1e9a21a62617a826f14c7d569f70fee848579039db276bf/selectolax-0.4.11-cp312-cp312-macosx_10_13_x86_64.whl", hash = "sha256:25d633cddca0fc769e7d890e9e838908fb4a7326eec5e3b23ae42c27f457541d", size = 2251530, upload-time = "2026-07-15T07:24:10.677Z" },
    { url = "https://files.pythonhosted.org/packages/a7/65/21ff78e6050b71f6467e7baad3eb58b935ade210a72e3e339ce9e6f68ac5/selectolax-0.4.11-cp312-cp312-macosx_11_0_arm64.whl", hash = "sha256:634db1b7ae1b1f10ee0b0adbef0eee1aec65a3d01f09b75132bc5b043b7623d1", size = 2300794, upload-time = "2026-07-15T07:24:12.322Z" },
    { url = "https://files.pythonhosted.org/packages/a4/60/faa1878ba9bd362e9078f664e570d3085b3cd679aee49c044a03b4530513/selectolax-0.4.11-cp312-cp312-manylinux2014_aarch64.manylinux_2_17_aarch64.manylinux_2_28_aarch64.whl", hash = "sha256:168b34466dc4f998d7ceb04f218693546d141543e7c5d327f9e006c0799cd62c", size = 2382882, upload-time = "2026-07-15T07:24:13.906Z" },
    { url = "https://files.pythonhosted.org/packages/e1/a6/a556d87dc37e972cc615384df8376e94bc043fba2ef9fbbf68629a1c8d99/selectolax-0.4.11-cp312-cp312-manylinux2014_x86_64.manylinux_2_17_x86_64.manylinux_2_28_x86_64.whl", hash = "sha256:4c3d4fd42deabfd03cc5c4fce9517e7226054f9de3984759476e6c4a7b7fe187", size = 2431493, upload-time = "2026-07-15T07:24:15.518Z" },
    { url = "https://files.pythonhosted.org/packages/0e/ca/d95beee6453d3837cba042351e216fb62881750ca930b8d29b223e174224/selectolax-0.4.11-cp312-cp312-musllinux_1_2_aarch64.whl", hash = "sha256:8f0223a83051ece2591a1d0cf487f1d0719cb76660d7c5de4c0a201b761c5c23", size = 2387809, upload-time = "2026-07-15T07:24:17.648Z" },
    { url = "https://files.pythonhosted.org/packages/c8/b9/449a4626740099a5cebcb112fee82e423dd1d603f43f72e22b802acc1f8c/selectolax-0.4.11-cp312-cp312-musllinux_1_2_x86_64.whl", hash = "sha256:dff45ee85409e6126e4900e0db6950a59a7b58b7ff9d667a6a275b0405b87692", size = 2449963, upload-time = "2026-07-15T07:24:19.666Z" },
    { url = "https://files.pythonhosted.org/packages/f3/de/798b416cba8cc05b9382d81724e73abd887d6ebe441edee848bb23773be9/selectolax-0.4.11-cp312-cp312-win32.whl", hash = "sha256:f69c377298a09f571c89af5916ac85f69a9aaedd7312b0bb803a46d2ca2f9048", size = 1763553, upload-time = "2026-07-15T07:24:21.454Z" },
    { url = "https://files.pythonhosted.org/packages/41/da/e9f32bc598cbd50a5b1e947636f13396511e3d916ab603b622a61c84347f/selectolax-0.4.11-cp312-cp312-win_amd64.whl", hash = "sha256:48545b0351b6f92c4ad2fff835e832768d0cb37834766a82f40242e51fc9901d", size = 1881516, upload-time = "2026-07-15T07:24:22.819Z" },
    { url = "https://files.pythonhosted.org/packages/6d/48/5f0e2f9d098333efd3a83ed9dae78b83b6fbb504be1c5a4b95b28e7b5870/selectolax-0.4.11-cp312-cp312-win_arm64.whl", hash = "sha256:daf7a841d1baa795f940200bec45019c4a31020def16e3a4e35485e82ed64167", size = 1817321, upload-time = "2026-07-15T07:24:25.326Z" },
    { url = "https://files.pythonhosted.org/packages/4e/b5/6e0653d45b8d138b3fc37b37780b989761fb486e7c002aa413eb89d3ad64/selectolax-0.4.11-cp313-cp313-macosx_10_13_x86_64.whl", hash = "sha256:5153157ed60d968ed303acbfd2c8762fa0c0462e2663bd04466471c565deb88a", size = 2250779, upload-time = "2026-07-15T07:24:26.769Z" },
    { url = "https://files.pythonhosted.org/packages/53/c5/c367cf0583799d8c32555c4fa3b900b1e8de1aef07fb009c488a615b6ed0/selectolax-0.4.11-cp313-cp313-macosx_11_0_arm64.whl", hash = "sha256:386494779e5464e587ed4dc076e1c48c24ebaf2da1e3a249690551d1f97fe8ed", size = 2300206, upload-time = "2026-07-15T07:24:28.321Z" },
    { url = "https://files.pythonhosted.org/packages/a7/61/956974dc429e3df99814d1ba5629a324eef366e2116b030fdd5354713402/selectolax-0.4.11-cp313-cp313-manylinux2014_aarch64.manylinux_2_17_aarch64.manylinux_2_28_aarch64.whl", hash = "sha256:47be0e591125484de14ff0c9aaaa814dd4a4019de35eabe360e88169a263a2b5", size = 2382455, upload-time = "2026-07-15T07:24:29.907Z" },
    { url = "https://files.pythonhosted.org/packages/51/f6/626716e2730f396bd81b853b37e9eeddd3a847730efff7548ad6d695c6e8/selectolax-0.4.11-cp313-cp313-manylinux2014_x86_64.manylinux_2_17_x86_64.manylinux_2_28_x86_64.whl", hash = "sha256:f8f014f328f6f79a364293bca54d43af1cec776dc10a5302054a54b5fb2d8675", size = 2431069, upload-time = "2026-07-15T07:24:31.55Z" },
    { url = "https://files.pythonhosted.org/packages/48/f6/acb03eb9e468f74fab17c655761179022fed57bfb1b25ff741e8c0c6a06c/selectolax-0.4.11-cp313-cp313-musllinux_1_2_aarch64.whl", hash = "sha256:c3f6fac361b5f415c409dfd1a07dd0e9a5899d10daba8d88ce16bd552b0e06f2", size = 2387626, upload-time = "2026-07-15T07:24:33.029Z" },
    { url = "https://files.pythonhosted.org/packages/5a/08/e242e5785e049499771ac5e560112396d244e6142348eaf1c70849f83a66/selectolax-0.4.11-cp313-cp313-musllinux_1_2_x86_64.whl", hash = "sha256:f8121f4cbfe870d9ad24ae418a735d918d55844e905c3270077e97f4e579770f", size = 2449451, upload-time = "2026-07-15T07:24:34.648Z" },
    { url = "https://files.pythonhosted.org/packages/15/5d/b5dfbde64d622cc94d2136edb0caaafb5779ebbd884f6ae9c041d8dfa669/selectolax-0.4.11-cp313-cp313-win32.whl", hash = "sha256:bde121202b33e6041e9d2db1d62e7466b5883fd1c441eb96ff68d3ea015cfcbd", size = 1763387, upload-time = "2026-07-15T07:24:36.239Z" },
    { url = "https://files.pythonhosted.org/packages/6e/90/2888c831ebd473b6c17486d805a16925187c743964bbf895ec421c1cf2ab/selectolax-0.4.11-cp313-cp313-win_amd64.whl", hash = "sha256:5c7a91fbe1a94849d85228897c416ab9b4518bea6b04dce8ef8acd825ec80e9d", size = 1882102, upload-time = "2026-07-15T07:24:37.847Z" },
    { url = "https://files.pythonhosted.org/packages/83/ea/e78be8710bf162b43d6336ee354fbe21ea712284bd0bf58c67e15264862d/selectolax-0.4.11-cp313-cp313-win_arm64.whl", hash = "sha256:597b8e065978be200c598ae6d682496d96fbce14d34b5d519e93cf5b6be5fb60", size = 1817155, upload-time = "2026-07-15T07:24:39.354Z" },
    { url = "https://files.pythonhosted.org/packages/08/5a/ba94f50ca5a6a0af65e8d47147bbe9f6ad11c408fd03c832ea737836d3eb/selectolax-0.4.11-cp314-cp314-macosx_10_13_x86_64.whl", hash = "sha256:663ff792f92ed749cfcf452ac19aff5da74b05521e7daacb3b74388deb14d117", size = 2266464, upload-time = "2026-07-15T07:24:41.038Z" },
    { url = "https://files.pythonhosted.org/packages/12/fe/f4d7d554cd7db415c831c8fb5a2b6bbbe3bdf5a49c8f417a6093d4618d6c/selectolax-0.4.11-cp314-cp314-macosx_11_0_arm64.whl", hash = "sha256:d5ce592a92fceeca2694b369a83ad72891a9c356f668718fe7e1c83eea407bb4", size = 2317609, upload-time = "2026-07-15T07:24:42.682Z" },
    { url = "https://files.pythonhosted.org/packages/96/d6/9d702075634c1a38517a8af4242346bf0e65f206703037b56cf8da114eec/selectolax-0.4.11-cp314-cp314-manylinux2014_aarch64.manylinux_2_17_aarch64.manylinux_2_28_aarch64.whl", hash = "sha256:b0f56c49161b18621ac452e42e02b0c5c61ba4c21095cfff3990e040bd9a043c", size = 2382277, upload-time = "2026-07-15T07:24:44.331Z" },
    { url = "https://files.pythonhosted.org/packages/84/c3/f541806ec7bdd0ce8ec69351572d2f2b3919264818cd5bb792482684d492/selectolax-0.4.11-cp314-cp314-manylinux2014_x86_64.manylinux_2_17_x86_64.manylinux_2_28_x86_64.whl", hash = "sha256:224682039ca13eb822be626e49a03592ee2b8557bcdc6381e49417a995170c94", size = 2430423, upload-time = "2026-07-15T07:24:45.937Z" },
    { url = "https://files.pythonhosted.org/packages/70/81/533fa254be8e63b1c0fbe261ba4e2c1ca86357a4844b0830a0d7ae0985f9/selectolax-0.4.11-cp314-cp314-musllinux_1_2_aarch64.whl", hash = "sha256:bd843540a197a33049a08fd80e59bfeafbaa688e632d53a05a9b65af5e88296f", size = 2404012, upload-time = "2026-07-15T07:24:47.774Z" },
    { url = "https://files.pythonhosted.org/packages/25/5a/3fc3de5bfdc70af07d55bdc17837b5fd4ae6229444868f057085addd9a18/selectolax-0.4.11-cp314-cp314-musllinux_1_2_x86_64.whl", hash = "sha256:2b842c829f916fecb51f0f55882eca3e2ad49e85388178f14ae6fe0912be0a57", size = 2466775, upload-time = "2026-07-15T07:24:49.387Z" },
    { url = "https://files.pythonhosted.org/packages/f2/42/62c66067cbd3c360f762ac6964793091ea0371b3527ca2bf90955fb0b6f3/selectolax-0.4.11-cp314-cp314-win32.whl", hash = "sha256:d33e2ed75cc33e7af3fd50521c33e7d8634fae23bc197a6cee6a5015e056eef6", size = 1875717, upload-time = "2026-07-15T07:24:50.996Z" },
    { url = "https://files.pythonhosted.org/packages/14/b5/6d9ed39e909752645798c1469fb9443c0880ede999e63241ee89e91c7a54/selectolax-0.4.11-cp314-cp314-win_amd64.whl", hash = "sha256:e5929cbe3eedfaf51a09ec89642ab5355b703486d43bcf3c8f0c27d6043a488d", size = 1994595, upload-time = "2026-07-15T07:24:53.143Z" },
    { url = "https://files.pythonhosted.org/packages/49/f9/f172cfe8c29e295b9d7bc79e5b071937470f74311cd04dc3090d4166520a/selectolax-0.4.11-cp314-cp314-win_arm64.whl", hash = "sha256:466daca0599408c9d2cad7658a68490facc5c9b8d0f41ac5d17948914f57306f", size = 1928531, upload-time = "2026-07-15T07:24:55.539Z" },
    { url = "https://files.pythonhosted.org/packages/97/e9/6289d23fa4e5ccd5570a31c9180616a2e3c87ec565f7887bcfbca6204b6d/selectolax-0.4.11-cp314-cp314t-macosx_10_13_x86_64.whl", hash = "sha256:086ca6f7e4c475bfff871ec1448ae5d342d43d6a2ca2cea65160d01b3a6a75ec", size = 2281363, upload-time = "2026-07-15T07:24:57.054Z" },
    { url = "https://files.pythonhosted.org/packages/06/c4/1fbf3624f9e52dadda8471dfb68eaf6021e819b827cdb62ce878fa28f469/selectolax-0.4.11-cp314-cp314t-macosx_11_0_arm64.whl", hash = "sha256:b530a2c4fad7400af27b2b7e0333c1318ecb5f5dc38e8a141dbe3bd81b398fdf", size = 2325491, upload-time = "2026-07-15T07:24:58.969Z" },
    { url = "https://files.pythonhosted.org/packages/b6/ba/25710a259ecb2b66b9168956b768a2651533c8ea813da9decb0e0f3ee39a/selectolax-0.4.11-cp314-cp314t-manylinux2014_aarch64.manylinux_2_17_aarch64.manylinux_2_28_aarch64.whl", hash = "sha256:3637d21f7fe60fbd6ca3dbc67a1747f6a55a9389114d72f06b5d69ba2beddf01", size = 2387575, upload-time = "2026-07-15T07:25:00.788Z" },
    { url = "https://files.pythonhosted.org/packages/bc/73/331f83e64e3a17478e832308248345d5224957eb7a62dad2e7fc5daa15b3/selectolax-0.4.11-cp314-cp314t-manylinux2014_x86_64.manylinux_2_17_x86_64.manylinux_2_28_x86_64.whl", hash = "sha256:fad5b1065f73eeaa07ea343cbc548aaa9f9a5c359c3bdd8d98f5d80b61550d1c", size = 2439126, upload-time = "2026-07-15T07:25:02.574Z" },
    { url = "https://files.pythonhosted.org/packages/d0/33/ab29a558dc65d3a1e28c217b62605b5135123ad89f1f825c8b741366e0fc/selectolax-0.4.11-cp314-cp314t-musllinux_1_2_aarch64.whl", hash = "sha256:1da54e42ab99b9191269306e13c0fd67ada1c6654e8dc8d74fac615931dd3c62", size = 2412927, upload-time = "2026-07-15T07:25:04.375Z" },
    { url = "https://files.pythonhosted.org/packages/ae/b6/e774ec9179d7524adf47d7187b3e4e630104e149b2fbcbfe06088a3f4847/selectolax-0.4.11-cp314-cp314t-musllinux_1_2_x86_64.whl", hash = "sha256:28915b8fa90c1c3cb585858a6d24d433a3f38ea514aea59013bdb0930d9f6025", size = 2475264, upload-time = "2026-07-15T07:25:05.996Z" },
    { url = "https://files.pythonhosted.org/packages/97/14/0b4865125e777c9d852c9e388c1165e2ef4d7f1fb46596b13a1c02153fe7/selectolax-0.4.11-cp314-cp314t-win32.whl", hash = "sha256:1a6deb4464198ac67f32e56c4463aedf3e1d834b458eaac5b5b5b1ef02dcf15e", size = 1898010, upload-time = "2026-07-15T07:25:07.859Z" },
    { url = "https://files.pythonhosted.org/packages/40/1a/88db3237f2fb357119164c4f5a33a659615e3d10dd0f773d092341ee0cc4/selectolax-0.4.11-cp314-cp314t-win_amd64.whl", hash = "sha256:41f388c26304c1d840f5ee5e07c06bb9388ec834d10fec60dc148f22f98efd38", size = 2019721, upload-time = "2026-07-15T07:25:09.471Z" },
    { url = "https://files.pythonhosted.org/packages/37/03/193913c0f3d37c1e8d66ebfa0f139b2f286f70ec285907aa98b44a620447/selectolax-0.4.11-cp314-cp314t-win_arm64.whl", hash = "sha256:9077fa36e99ef4bb801194ff8f492f67279c0562e7cdfa9b4d06f5c010131969", size = 1950774, upload-time = "2026-07-15T07:25:11.533Z" },
]

[[package]]
name = "socksio"
version = "1.0.0"
source = { registry = "https://pypi.org/simple" }
sdist = { url = "https://files.pythonhosted.org/packages/f8/5c/48a7d9495be3d1c651198fd99dbb6ce190e2274d0f28b9051307bdec6b85/socksio-1.0.0.tar.gz", hash = "sha256:f88beb3da5b5c38b9890469de67d0cb0f9d494b78b106ca1845f96c10b91c4ac", size = 19055, upload-time = "2020-04-17T15:50:34.664Z" }
wheels = [
    { url = "https://files.pythonhosted.org/packages/37/c3/6eeb6034408dac0fa653d126c9204ade96b819c936e136c5e8a6897eee9c/socksio-1.0.0-py3-none-any.whl", hash = "sha256:95dc1f15f9b34e8d7b16f06d74b8ccf48f609af32ab33c608d08761c5dcbb1f3", size = 12763, upload-time = "2020-04-17T15:50:31.878Z" },
]

[[package]]
name = "typing-extensions"
version = "4.16.0"
source = { registry = "https://pypi.org/simple" }
sdist = { url = "https://files.pythonhosted.org/packages/f6/cc/6253133b5bb138fc3306cebfbda2c520f545d36b5be2c7255cc528bb45d6/typing_extensions-4.16.0.tar.gz", hash = "sha256:dc983d19a509c94dba722ee6abd33940f7c05a89e243c47e907eb4db6f1a43e5", size = 113555, upload-time = "2026-07-02T08:40:05.92Z" }
wheels = [
    { url = "https://files.pythonhosted.org/packages/49/d3/b8441a820a491ddfc024b0b0cf0393375b75ea13866d9c66727e54c2fc80/typing_extensions-4.16.0-py3-none-any.whl", hash = "sha256:481caa481374e813c1b176ada14e97f1f67a4539ce9cfeb3f350d78d6370c2e8", size = 45571, upload-time = "2026-07-02T08:40:04.659Z" },
]
